
Microsoft Visual Studio Solution File, Format Version 12.00
# Visual Studio Version 17
VisualStudioVersion = 17.14.36212.18
MinimumVisualStudioVersion = 10.0.40219.1
Project("{FAE04EC0-301F-11D3-BF4B-00C04F79EFBC}") = "Ecommerce.Domain", "Ecommerce.Domain\Ecommerce.Domain.csproj", "{D62F5CE3-2C43-4091-93C0-11490D7EFC97}"
EndProject
Project("{FAE04EC0-301F-11D3-BF4B-00C04F79EFBC}") = "Ecommerce.Application", "Ecommerce.Application\Ecommerce.Application.csproj", "{A0D12388-1E97-4E79-8962-A2B4D88D5FA5}"
	ProjectSection(ProjectDependencies) = postProject
		{D62F5CE3-2C43-4091-93C0-11490D7EFC97} = {D62F5CE3-2C43-4091-93C0-11490D7EFC97}
	EndProjectSection
EndProject
Project("{FAE04EC0-301F-11D3-BF4B-00C04F79EFBC}") = "Ecommerce.Infrastructure", "Ecommerce.Infrastructure\Ecommerce.Infrastructure.csproj", "{934B8F34-8A98-4176-9D12-FE433535299F}"
	ProjectSection(ProjectDependencies) = postProject
		{A0D12388-1E97-4E79-8962-A2B4D88D5FA5} = {A0D12388-1E97-4E79-8962-A2B4D88D5FA5}
		{D62F5CE3-2C43-4091-93C0-11490D7EFC97} = {D62F5CE3-2C43-4091-93C0-11490D7EFC97}
	EndProjectSection
EndProject
Project("{FAE04EC0-301F-11D3-BF4B-00C04F79EFBC}") = "Ecommerce.API", "Ecommerce.API\Ecommerce.API.csproj", "{78305234-1D1E-41EE-B4D7-D82924802B1D}"
	ProjectSection(ProjectDependencies) = postProject
		{A0D12388-1E97-4E79-8962-A2B4D88D5FA5} = {A0D12388-1E97-4E79-8962-A2B4D88D5FA5}
	EndProjectSection
EndProject
Project("{2150E333-8FDC-42A3-9474-1A3956D46DE8}") = "src", "src", "{827E0CD3-B72D-47B6-A68D-7590B98EB39B}"
EndProject
Project("{2150E333-8FDC-42A3-9474-1A3956D46DE8}") = "tests", "tests", "{02EA681E-C7D8-13C7-8484-4AC65E1B71E8}"
EndProject
Project("{FAE04EC0-301F-11D3-BF4B-00C04F79EFBC}") = "Ecommerce.Application.UnitTests", "Ecommerce.Application.UnitTests\Ecommerce.Application.UnitTests.csproj", "{AB9CFFFF-289C-46BC-8A63-3EEE3027BF3F}"
EndProject
Project("{FAE04EC0-301F-11D3-BF4B-00C04F79EFBC}") = "Ecommerce.Domain.UnitTests", "Ecommerce.Domain.UnitTests\Ecommerce.Domain.UnitTests.csproj", "{F314FDE5-F290-430B-AABC-E9E230C6E3AA}"
EndProject
Project("{FAE04EC0-301F-11D3-BF4B-00C04F79EFBC}") = "Ecommerce.API.IntegrationTests", "Ecommerce.API.IntegrationTests\Ecommerce.API.IntegrationTests.csproj", "{4F58416B-DB4A-4FF3-A141-41031D185F7B}"
EndProject
Project("{FAE04EC0-301F-11D3-BF4B-00C04F79EFBC}") = "Ecommerce.API.UnitTests", "Ecommerce.API.UnitTests\Ecommerce.API.UnitTests.csproj", "{67AD1677-0D3A-43B9-BC00-AF2147D60CA4}"
EndProject
Project("{FAE04EC0-301F-11D3-BF4B-00C04F79EFBC}") = "Ecommerce.Infrastructure.UnitTests", "Ecommerce.Infrastructure.UnitTests\Ecommerce.Infrastructure.UnitTests.csproj", "{6E1A8C91-52B1-4C3F-BF52-6F6DFF2B9B88}"
EndProject
Project("{2150E333-8FDC-42A3-9474-1A3956D46DE8}") = "Itens de Solução", "Itens de Solução", "{380A7511-A354-6D7A-0CC0-8FA1F1BA7B6C}"
	ProjectSection(SolutionItems) = preProject
		.env = .env
		.env.example = .env.example
		docker-compose.yml = docker-compose.yml
	EndProjectSection
EndProject
Global
	GlobalSection(SolutionConfigurationPlatforms) = preSolution
		Debug|Any CPU = Debug|Any CPU
		Debug|x64 = Debug|x64
		Debug|x86 = Debug|x86
		Release|Any CPU = Release|Any CPU
		Release|x64 = Release|x64
		Release|x86 = Release|x86
	EndGlobalSection
	GlobalSection(ProjectConfigurationPlatforms) = postSolution
		{D62F5CE3-2C43-4091-93C0-11490D7EFC97}.Debug|Any CPU.ActiveCfg = Debug|Any CPU
		{D62F5CE3-2C43-4091-93C0-11490D7EFC97}.Debug|Any CPU.Build.0 = Debug|Any CPU
		{D62F5CE3-2C43-4091-93C0-11490D7EFC97}.Debug|x64.ActiveCfg = Debug|Any CPU
		{D62F5CE3-2C43-4091-93C0-11490D7EFC97}.Debug|x64.Build.0 = Debug|Any CPU
		{D62F5CE3-2C43-4091-93C0-11490D7EFC97}.Debug|x86.ActiveCfg = Debug|Any CPU
		{D62F5CE3-2C43-4091-93C0-11490D7EFC97}.Debug|x86.Build.0 = Debug|Any CPU
		{D62F5CE3-2C43-4091-93C0-11490D7EFC97}.Release|Any CPU.ActiveCfg = Release|Any CPU
		{D62F5CE3-2C43-4091-93C0-11490D7EFC97}.Release|Any CPU.Build.0 = Release|Any CPU
		{D62F5CE3-2C43-4091-93C0-11490D7EFC97}.Release|x64.ActiveCfg = Release|Any CPU
		{D62F5CE3-2C43-4091-93C0-11490D7EFC97}.Release|x64.Build.0 = Release|Any CPU
		{D62F5CE3-2C43-4091-93C0-11490D7EFC97}.Release|x86.ActiveCfg = Release|Any CPU
		{D62F5CE3-2C43-4091-93C0-11490D7EFC97}.Release|x86.Build.0 = Release|Any CPU
		{A0D12388-1E97-4E79-8962-A2B4D88D5FA5}.Debug|Any CPU.ActiveCfg = Debug|Any CPU
		{A0D12388-1E97-4E79-8962-A2B4D88D5FA5}.Debug|Any CPU.Build.0 = Debug|Any CPU
		{A0D12388-1E97-4E79-8962-A2B4D88D5FA5}.Debug|x64.ActiveCfg = Debug|Any CPU
		{A0D12388-1E97-4E79-8962-A2B4D88D5FA5}.Debug|x64.Build.0 = Debug|Any CPU
		{A0D12388-1E97-4E79-8962-A2B4D88D5FA5}.Debug|x86.ActiveCfg = Debug|Any CPU
		{A0D12388-1E97-4E79-8962-A2B4D88D5FA5}.Debug|x86.Build.0 = Debug|Any CPU
		{A0D12388-1E97-4E79-8962-A2B4D88D5FA5}.Release|Any CPU.ActiveCfg = Release|Any CPU
		{A0D12388-1E97-4E79-8962-A2B4D88D5FA5}.Release|Any CPU.Build.0 = Release|Any CPU
		{A0D12388-1E97-4E79-8962-A2B4D88D5FA5}.Release|x64.ActiveCfg = Release|Any CPU
		{A0D12388-1E97-4E79-8962-A2B4D88D5FA5}.Release|x64.Build.0 = Release|Any CPU
		{A0D12388-1E97-4E79-8962-A2B4D88D5FA5}.Release|x86.ActiveCfg = Release|Any CPU
		{A0D12388-1E97-4E79-8962-A2B4D88D5FA5}.Release|x86.Build.0 = Release|Any CPU
		{934B8F34-8A98-4176-9D12-FE433535299F}.Debug|Any CPU.ActiveCfg = Debug|Any CPU
		{934B8F34-8A98-4176-9D12-FE433535299F}.Debug|Any CPU.Build.0 = Debug|Any CPU
		{934B8F34-8A98-4176-9D12-FE433535299F}.Debug|x64.ActiveCfg = Debug|Any CPU
		{934B8F34-8A98-4176-9D12-FE433535299F}.Debug|x64.Build.0 = Debug|Any CPU
		{934B8F34-8A98-4176-9D12-FE433535299F}.Debug|x86.ActiveCfg = Debug|Any CPU
		{934B8F34-8A98-4176-9D12-FE433535299F}.Debug|x86.Build.0 = Debug|Any CPU
		{934B8F34-8A98-4176-9D12-FE433535299F}.Release|Any CPU.ActiveCfg = Release|Any CPU
		{934B8F34-8A98-4176-9D12-FE433535299F}.Release|Any CPU.Build.0 = Release|Any CPU
		{934B8F34-8A98-4176-9D12-FE433535299F}.Release|x64.ActiveCfg = Release|Any CPU
		{934B8F34-8A98-4176-9D12-FE433535299F}.Release|x64.Build.0 = Release|Any CPU
		{934B8F34-8A98-4176-9D12-FE433535299F}.Release|x86.ActiveCfg = Release|Any CPU
		{934B8F34-8A98-4176-9D12-FE433535299F}.Release|x86.Build.0 = Release|Any CPU
		{78305234-1D1E-41EE-B4D7-D82924802B1D}.Debug|Any CPU.ActiveCfg = Debug|Any CPU
		{78305234-1D1E-41EE-B4D7-D82924802B1D}.Debug|Any CPU.Build.0 = Debug|Any CPU
		{78305234-1D1E-41EE-B4D7-D82924802B1D}.Debug|x64.ActiveCfg = Debug|Any CPU
		{78305234-1D1E-41EE-B4D7-D82924802B1D}.Debug|x64.Build.0 = Debug|Any CPU
		{78305234-1D1E-41EE-B4D7-D82924802B1D}.Debug|x86.ActiveCfg = Debug|Any CPU
		{78305234-1D1E-41EE-B4D7-D82924802B1D}.Debug|x86.Build.0 = Debug|Any CPU
		{78305234-1D1E-41EE-B4D7-D82924802B1D}.Release|Any CPU.ActiveCfg = Release|Any CPU
		{78305234-1D1E-41EE-B4D7-D82924802B1D}.Release|Any CPU.Build.0 = Release|Any CPU
		{78305234-1D1E-41EE-B4D7-D82924802B1D}.Release|x64.ActiveCfg = Release|Any CPU
		{78305234-1D1E-41EE-B4D7-D82924802B1D}.Release|x64.Build.0 = Release|Any CPU
		{78305234-1D1E-41EE-B4D7-D82924802B1D}.Release|x86.ActiveCfg = Release|Any CPU
		{78305234-1D1E-41EE-B4D7-D82924802B1D}.Release|x86.Build.0 = Release|Any CPU
		{AB9CFFFF-289C-46BC-8A63-3EEE3027BF3F}.Debug|Any CPU.ActiveCfg = Debug|Any CPU
		{AB9CFFFF-289C-46BC-8A63-3EEE3027BF3F}.Debug|Any CPU.Build.0 = Debug|Any CPU
		{AB9CFFFF-289C-46BC-8A63-3EEE3027BF3F}.Debug|x64.ActiveCfg = Debug|Any CPU
		{AB9CFFFF-289C-46BC-8A63-3EEE3027BF3F}.Debug|x64.Build.0 = Debug|Any CPU
		{AB9CFFFF-289C-46BC-8A63-3EEE3027BF3F}.Debug|x86.ActiveCfg = Debug|Any CPU
		{AB9CFFFF-289C-46BC-8A63-3EEE3027BF3F}.Debug|x86.Build.0 = Debug|Any CPU
		{AB9CFFFF-289C-46BC-8A63-3EEE3027BF3F}.Release|Any CPU.ActiveCfg = Release|Any CPU
		{AB9CFFFF-289C-46BC-8A63-3EEE3027BF3F}.Release|Any CPU.Build.0 = Release|Any CPU
		{AB9CFFFF-289C-46BC-8A63-3EEE3027BF3F}.Release|x64.ActiveCfg = Release|Any CPU
		{AB9CFFFF-289C-46BC-8A63-3EEE3027BF3F}.Release|x64.Build.0 = Release|Any CPU
		{AB9CFFFF-289C-46BC-8A63-3EEE3027BF3F}.Release|x86.ActiveCfg = Release|Any CPU
		{AB9CFFFF-289C-46BC-8A63-3EEE3027BF3F}.Release|x86.Build.0 = Release|Any CPU
		{F314FDE5-F290-430B-AABC-E9E230C6E3AA}.Debug|Any CPU.ActiveCfg = Debug|Any CPU
		{F314FDE5-F290-430B-AABC-E9E230C6E3AA}.Debug|Any CPU.Build.0 = Debug|Any CPU
		{F314FDE5-F290-430B-AABC-E9E230C6E3AA}.Debug|x64.ActiveCfg = Debug|Any CPU
		{F314FDE5-F290-430B-AABC-E9E230C6E3AA}.Debug|x64.Build.0 = Debug|Any CPU
		{F314FDE5-F290-430B-AABC-E9E230C6E3AA}.Debug|x86.ActiveCfg = Debug|Any CPU
		{F314FDE5-F290-430B-AABC-E9E230C6E3AA}.Debug|x86.Build.0 = Debug|Any CPU
		{F314FDE5-F290-430B-AABC-E9E230C6E3AA}.Release|Any CPU.ActiveCfg = Release|Any CPU
		{F314FDE5-F290-430B-AABC-E9E230C6E3AA}.Release|Any CPU.Build.0 = Release|Any CPU
		{F314FDE5-F290-430B-AABC-E9E230C6E3AA}.Release|x64.ActiveCfg = Release|Any CPU
		{F314FDE5-F290-430B-AABC-E9E230C6E3AA}.Release|x64.Build.0 = Release|Any CPU
		{F314FDE5-F290-430B-AABC-E9E230C6E3AA}.Release|x86.ActiveCfg = Release|Any CPU
		{F314FDE5-F290-430B-AABC-E9E230C6E3AA}.Release|x86.Build.0 = Release|Any CPU
		{4F58416B-DB4A-4FF3-A141-41031D185F7B}.Debug|Any CPU.ActiveCfg = Debug|Any CPU
		{4F58416B-DB4A-4FF3-A141-41031D185F7B}.Debug|Any CPU.Build.0 = Debug|Any CPU
		{4F58416B-DB4A-4FF3-A141-41031D185F7B}.Debug|x64.ActiveCfg = Debug|Any CPU
		{4F58416B-DB4A-4FF3-A141-41031D185F7B}.Debug|x64.Build.0 = Debug|Any CPU
		{4F58416B-DB4A-4FF3-A141-41031D185F7B}.Debug|x86.ActiveCfg = Debug|Any CPU
		{4F58416B-DB4A-4FF3-A141-41031D185F7B}.Debug|x86.Build.0 = Debug|Any CPU
		{4F58416B-DB4A-4FF3-A141-41031D185F7B}.Release|Any CPU.ActiveCfg = Release|Any CPU
		{4F58416B-DB4A-4FF3-A141-41031D185F7B}.Release|Any CPU.Build.0 = Release|Any CPU
		{4F58416B-DB4A-4FF3-A141-41031D185F7B}.Release|x64.ActiveCfg = Release|Any CPU
		{4F58416B-DB4A-4FF3-A141-41031D185F7B}.Release|x64.Build.0 = Release|Any CPU
		{4F58416B-DB4A-4FF3-A141-41031D185F7B}.Release|x86.ActiveCfg = Release|Any CPU
		{4F58416B-DB4A-4FF3-A141-41031D185F7B}.Release|x86.Build.0 = Release|Any CPU
		{67AD1677-0D3A-43B9-BC00-AF2147D60CA4}.Debug|Any CPU.ActiveCfg = Debug|Any CPU
		{67AD1677-0D3A-43B9-BC00-AF2147D60CA4}.Debug|Any CPU.Build.0 = Debug|Any CPU
		{67AD1677-0D3A-43B9-BC00-AF2147D60CA4}.Debug|x64.ActiveCfg = Debug|Any CPU
		{67AD1677-0D3A-43B9-BC00-AF2147D60CA4}.Debug|x64.Build.0 = Debug|Any CPU
		{67AD1677-0D3A-43B9-BC00-AF2147D60CA4}.Debug|x86.ActiveCfg = Debug|Any CPU
		{67AD1677-0D3A-43B9-BC00-AF2147D60CA4}.Debug|x86.Build.0 = Debug|Any CPU
		{67AD1677-0D3A-43B9-BC00-AF2147D60CA4}.Release|Any CPU.ActiveCfg = Release|Any CPU
		{67AD1677-0D3A-43B9-BC00-AF2147D60CA4}.Release|Any CPU.Build.0 = Release|Any CPU
		{67AD1677-0D3A-43B9-BC00-AF2147D60CA4}.Release|x64.ActiveCfg = Release|Any CPU
		{67AD1677-0D3A-43B9-BC00-AF2147D60CA4}.Release|x64.Build.0 = Release|Any CPU
		{67AD1677-0D3A-43B9-BC00-AF2147D60CA4}.Release|x86.ActiveCfg = Release|Any CPU
		{67AD1677-0D3A-43B9-BC00-AF2147D60CA4}.Release|x86.Build.0 = Release|Any CPU
		{6E1A8C91-52B1-4C3F-BF52-6F6DFF2B9B88}.Debug|Any CPU.ActiveCfg = Debug|Any CPU
		{6E1A8C91-52B1-4C3F-BF52-6F6DFF2B9B88}.Debug|Any CPU.Build.0 = Debug|Any CPU
		{6E1A8C91-52B1-4C3F-BF52-6F6DFF2B9B88}.Debug|x64.ActiveCfg = Debug|Any CPU
		{6E1A8C91-52B1-4C3F-BF52-6F6DFF2B9B88}.Debug|x64.Build.0 = Debug|Any CPU
		{6E1A8C91-52B1-4C3F-BF52-6F6DFF2B9B88}.Debug|x86.ActiveCfg = Debug|Any CPU
		{6E1A8C91-52B1-4C3F-BF52-6F6DFF2B9B88}.Debug|x86.Build.0 = Debug|Any CPU
		{6E1A8C91-52B1-4C3F-BF52-6F6DFF2B9B88}.Release|Any CPU.ActiveCfg = Release|Any CPU
		{6E1A8C91-52B1-4C3F-BF52-6F6DFF2B9B88}.Release|Any CPU.Build.0 = Release|Any CPU
		{6E1A8C91-52B1-4C3F-BF52-6F6DFF2B9B88}.Release|x64.ActiveCfg = Release|Any CPU
		{6E1A8C91-52B1-4C3F-BF52-6F6DFF2B9B88}.Release|x64.Build.0 = Release|Any CPU
		{6E1A8C91-52B1-4C3F-BF52-6F6DFF2B9B88}.Release|x86.ActiveCfg = Release|Any CPU
		{6E1A8C91-52B1-4C3F-BF52-6F6DFF2B9B88}.Release|x86.Build.0 = Release|Any CPU
	EndGlobalSection
	GlobalSection(SolutionProperties) = preSolution
		HideSolutionNode = FALSE
	EndGlobalSection
	GlobalSection(NestedProjects) = preSolution
		{D62F5CE3-2C43-4091-93C0-11490D7EFC97} = {827E0CD3-B72D-47B6-A68D-7590B98EB39B}
		{A0D12388-1E97-4E79-8962-A2B4D88D5FA5} = {827E0CD3-B72D-47B6-A68D-7590B98EB39B}
		{934B8F34-8A98-4176-9D12-FE433535299F} = {827E0CD3-B72D-47B6-A68D-7590B98EB39B}
		{78305234-1D1E-41EE-B4D7-D82924802B1D} = {827E0CD3-B72D-47B6-A68D-7590B98EB39B}
		{AB9CFFFF-289C-46BC-8A63-3EEE3027BF3F} = {02EA681E-C7D8-13C7-8484-4AC65E1B71E8}
		{F314FDE5-F290-430B-AABC-E9E230C6E3AA} = {02EA681E-C7D8-13C7-8484-4AC65E1B71E8}
		{4F58416B-DB4A-4FF3-A141-41031D185F7B} = {02EA681E-C7D8-13C7-8484-4AC65E1B71E8}
		{67AD1677-0D3A-43B9-BC00-AF2147D60CA4} = {02EA681E-C7D8-13C7-8484-4AC65E1B71E8}
		{6E1A8C91-52B1-4C3F-BF52-6F6DFF2B9B88} = {02EA681E-C7D8-13C7-8484-4AC65E1B71E8}
	EndGlobalSection
	GlobalSection(ExtensibilityGlobals) = postSolution
		SolutionGuid = {5096FBF1-84B8-4408-A933-349BA49E0A93}
	EndGlobalSection
EndGlobal
